// !$*UTF8*$!
{
	archiveVersion = 1;
	classes = {
	};
	objectVersion = 56;
	objects = {

/* Begin PBXBuildFile section */
		945C56A129E1E50400AF4CEE /* AppDelegate.swift in Sources */ = {isa = PBXBuildFile; fileRef = 945C56A029E1E50400AF4CEE /* AppDelegate.swift */; };
		945C56A329E1E50400AF4CEE /* SceneDelegate.swift in Sources */ = {isa = PBXBuildFile; fileRef = 945C56A229E1E50400AF4CEE /* SceneDelegate.swift */; };
		945C56A529E1E50400AF4CEE /* ViewController.swift in Sources */ = {isa = PBXBuildFile; fileRef = 945C56A429E1E50400AF4CEE /* ViewController.swift */; };
		945C56A829E1E50400AF4CEE /* Main.storyboard in Resources */ = {isa = PBXBuildFile; fileRef = 945C56A629E1E50400AF4CEE /* Main.storyboard */; };
		945C56AA29E1E50500AF4CEE /* Assets.xcassets in Resources */ = {isa = PBXBuildFile; fileRef = 945C56A929E1E50500AF4CEE /* Assets.xcassets */; };
		945C56AD29E1E50500AF4CEE /* LaunchScreen.storyboard in Resources */ = {isa = PBXBuildFile; fileRef = 945C56AB29E1E50500AF4CEE /* LaunchScreen.storyboard */; };
		945C56B729E1E8D600AF4CEE /* OnboardingViewController.swift in Sources */ = {isa = PBXBuildFile; fileRef = 945C56B629E1E8D600AF4CEE /* OnboardingViewController.swift */; };
		945C56BA29E1EE2100AF4CEE /* UiViewExtension.swift in Sources */ = {isa = PBXBuildFile; fileRef = 945C56B929E1EE2100AF4CEE /* UiViewExtension.swift */; };
		94E78FAF29E700A30083893C /* OnBoardingSlide.swift in Sources */ = {isa = PBXBuildFile; fileRef = 94E78FAE29E700A30083893C /* OnBoardingSlide.swift */; };
		94E78FB129E7033F0083893C /* OnboardingCollectionViewCell.swift in Sources */ = {isa = PBXBuildFile; fileRef = 94E78FB029E7033F0083893C /* OnboardingCollectionViewCell.swift */; };
		94E78FB429E89C860083893C /* HomeViewController.swift in Sources */ = {isa = PBXBuildFile; fileRef = 94E78FB329E89C860083893C /* HomeViewController.swift */; };
		94E78FBA29E8A3260083893C /* CategoryCollectionViewCell.swift in Sources */ = {isa = PBXBuildFile; fileRef = 94E78FB829E8A3260083893C /* CategoryCollectionViewCell.swift */; };
		94E78FBB29E8A3260083893C /* CategoryCollectionViewCell.xib in Resources */ = {isa = PBXBuildFile; fileRef = 94E78FB929E8A3260083893C /* CategoryCollectionViewCell.xib */; };
		94E78FBD29E8AA0C0083893C /* DishCategory.swift in Sources */ = {isa = PBXBuildFile; fileRef = 94E78FBC29E8AA0C0083893C /* DishCategory.swift */; };
		94E78FC029EA12710083893C /* CardView.swift in Sources */ = {isa = PBXBuildFile; fileRef = 94E78FBF29EA12710083893C /* CardView.swift */; };
		94E78FC529EA1E1B0083893C /* DishPortraitCollectionViewCell.swift in Sources */ = {isa = PBXBuildFile; fileRef = 94E78FC329EA1E1B0083893C /* DishPortraitCollectionViewCell.swift */; };
		94E78FC629EA1E1B0083893C /* DishPortraitCollectionViewCell.xib in Resources */ = {isa = PBXBuildFile; fileRef = 94E78FC429EA1E1B0083893C /* DishPortraitCollectionViewCell.xib */; };
		94E78FC829EA22130083893C /* Dish.swift in Sources */ = {isa = PBXBuildFile; fileRef = 94E78FC729EA22130083893C /* Dish.swift */; };
		94E78FCC29EB271D0083893C /* DishLandscapeCollectionViewCell.swift in Sources */ = {isa = PBXBuildFile; fileRef = 94E78FCA29EB271D0083893C /* DishLandscapeCollectionViewCell.swift */; };
		94E78FCD29EB271D0083893C /* DishLandscapeCollectionViewCell.xib in Resources */ = {isa = PBXBuildFile; fileRef = 94E78FCB29EB271D0083893C /* DishLandscapeCollectionViewCell.xib */; };
		94E78FD029EB3C9C0083893C /* DishDetailViewController.swift in Sources */ = {isa = PBXBuildFile; fileRef = 94E78FCF29EB3C9C0083893C /* DishDetailViewController.swift */; };
		94E78FD229EB41490083893C /* UIViewController+Extension.swift in Sources */ = {isa = PBXBuildFile; fileRef = 94E78FD129EB41480083893C /* UIViewController+Extension.swift */; };
/* End PBXBuildFile section */

/* Begin PBXFileReference section */
		945C569D29E1E50400AF4CEE /* PlateParty.app */ = {isa = PBXFileReference; explicitFileType = wrapper.application; includeInIndex = 0; path = PlateParty.app; sourceTree = BUILT_PRODUCTS_DIR; };
		945C56A029E1E50400AF4CEE /* AppDelegate.swift */ = {isa = PBXFileReference; lastKnownFileType = sourcecode.swift; path = AppDelegate.swift; sourceTree = "<group>"; };
		945C56A229E1E50400AF4CEE /* SceneDelegate.swift */ = {isa = PBXFileReference; lastKnownFileType = sourcecode.swift; path = SceneDelegate.swift; sourceTree = "<group>"; };
		945C56A429E1E50400AF4CEE /* ViewController.swift */ = {isa = PBXFileReference; lastKnownFileType = sourcecode.swift; path = ViewController.swift; sourceTree = "<group>"; };
		945C56A729E1E50400AF4CEE /* Base */ = {isa = PBXFileReference; lastKnownFileType = file.storyboard; name = Base; path = Base.lproj/Main.storyboard; sourceTree = "<group>"; };
		945C56A929E1E50500AF4CEE /* Assets.xcassets */ = {isa = PBXFileReference; lastKnownFileType = folder.assetcatalog; path = Assets.xcassets; sourceTree = "<group>"; };
		945C56AC29E1E50500AF4CEE /* Base */ = {isa = PBXFileReference; lastKnownFileType = file.storyboard; name = Base; path = Base.lproj/LaunchScreen.storyboard; sourceTree = "<group>"; };
		945C56AE29E1E50500AF4CEE /* Info.plist */ = {isa = PBXFileReference; lastKnownFileType = text.plist.xml; path = Info.plist; sourceTree = "<group>"; };
		945C56B629E1E8D600AF4CEE /* OnboardingViewController.swift */ = {isa = PBXFileReference; lastKnownFileType = sourcecode.swift; path = OnboardingViewController.swift; sourceTree = "<group>"; };
		945C56B929E1EE2100AF4CEE /* UiViewExtension.swift */ = {isa = PBXFileReference; lastKnownFileType = sourcecode.swift; path = UiViewExtension.swift; sourceTree = "<group>"; };
		94E78FAE29E700A30083893C /* OnBoardingSlide.swift */ = {isa = PBXFileReference; lastKnownFileType = sourcecode.swift; path = OnBoardingSlide.swift; sourceTree = "<group>"; };
		94E78FB029E7033F0083893C /* OnboardingCollectionViewCell.swift */ = {isa = PBXFileReference; lastKnownFileType = sourcecode.swift; path = OnboardingCollectionViewCell.swift; sourceTree = "<group>"; };
		94E78FB329E89C860083893C /* HomeViewController.swift */ = {isa = PBXFileReference; lastKnownFileType = sourcecode.swift; path = HomeViewController.swift; sourceTree = "<group>"; };
		94E78FB829E8A3260083893C /* CategoryCollectionViewCell.swift */ = {isa = PBXFileReference; lastKnownFileType = sourcecode.swift; path = CategoryCollectionViewCell.swift; sourceTree = "<group>"; };
		94E78FB929E8A3260083893C /* CategoryCollectionViewCell.xib */ = {isa = PBXFileReference; lastKnownFileType = file.xib; path = CategoryCollectionViewCell.xib; sourceTree = "<group>"; };
		94E78FBC29E8AA0C0083893C /* DishCategory.swift */ = {isa = PBXFileReference; lastKnownFileType = sourcecode.swift; path = DishCategory.swift; sourceTree = "<group>"; };
		94E78FBF29EA12710083893C /* CardView.swift */ = {isa = PBXFileReference; lastKnownFileType = sourcecode.swift; path = CardView.swift; sourceTree = "<group>"; };
		94E78FC329EA1E1B0083893C /* DishPortraitCollectionViewCell.swift */ = {isa = PBXFileReference; lastKnownFileType = sourcecode.swift; path = DishPortraitCollectionViewCell.swift; sourceTree = "<group>"; };
		94E78FC429EA1E1B0083893C /* DishPortraitCollectionViewCell.xib */ = {isa = PBXFileReference; lastKnownFileType = file.xib; path = DishPortraitCollectionViewCell.xib; sourceTree = "<group>"; };
		94E78FC729EA22130083893C /* Dish.swift */ = {isa = PBXFileReference; lastKnownFileType = sourcecode.swift; path = Dish.swift; sourceTree = "<group>"; };
		94E78FCA29EB271D0083893C /* DishLandscapeCollectionViewCell.swift */ = {isa = PBXFileReference; lastKnownFileType = sourcecode.swift; path = DishLandscapeCollectionViewCell.swift; sourceTree = "<group>"; };
		94E78FCB29EB271D0083893C /* DishLandscapeCollectionViewCell.xib */ = {isa = PBXFileReference; lastKnownFileType = file.xib; path = DishLandscapeCollectionViewCell.xib; sourceTree = "<group>"; };
		94E78FCF29EB3C9C0083893C /* DishDetailViewController.swift */ = {isa = PBXFileReference; lastKnownFileType = sourcecode.swift; path = DishDetailViewController.swift; sourceTree = "<group>"; };
		94E78FD129EB41480083893C /* UIViewController+Extension.swift */ = {isa = PBXFileReference; lastKnownFileType = sourcecode.swift; path = "UIViewController+Extension.swift"; sourceTree = "<group>"; };
/* End PBXFileReference section */

/* Begin PBXFrameworksBuildPhase section */
		945C569A29E1E50400AF4CEE /* Frameworks */ = {
			isa = PBXFrameworksBuildPhase;
			buildActionMask = 2147483647;
			files = (
			);
			runOnlyForDeploymentPostprocessing = 0;
		};
/* End PBXFrameworksBuildPhase section */

/* Begin PBXGroup section */
		945C569429E1E50400AF4CEE = {
			isa = PBXGroup;
			children = (
				945C569F29E1E50400AF4CEE /* PlateParty */,
				945C569E29E1E50400AF4CEE /* Products */,
			);
			sourceTree = "<group>";
		};
		945C569E29E1E50400AF4CEE /* Products */ = {
			isa = PBXGroup;
			children = (
				945C569D29E1E50400AF4CEE /* PlateParty.app */,
			);
			name = Products;
			sourceTree = "<group>";
		};
		945C569F29E1E50400AF4CEE /* PlateParty */ = {
			isa = PBXGroup;
			children = (
				94E78FB529E8A2A00083893C /* CustomViews */,
				94E78FAD29E6FC160083893C /* Models */,
				945C56B429E1E88200AF4CEE /* Views */,
				945C56B829E1EDEC00AF4CEE /* Extensions */,
				945C56A029E1E50400AF4CEE /* AppDelegate.swift */,
				945C56A229E1E50400AF4CEE /* SceneDelegate.swift */,
				945C56A429E1E50400AF4CEE /* ViewController.swift */,
				945C56A629E1E50400AF4CEE /* Main.storyboard */,
				945C56A929E1E50500AF4CEE /* Assets.xcassets */,
				945C56AB29E1E50500AF4CEE /* LaunchScreen.storyboard */,
				945C56AE29E1E50500AF4CEE /* Info.plist */,
			);
			path = PlateParty;
			sourceTree = "<group>";
		};
		945C56B429E1E88200AF4CEE /* Views */ = {
			isa = PBXGroup;
			children = (
				94E78FCE29EB3C730083893C /* DishDetail */,
				94E78FB229E89C590083893C /* Home */,
				945C56B529E1E8AD00AF4CEE /* Onboarding */,
			);
			path = Views;
			sourceTree = "<group>";
		};
		945C56B529E1E8AD00AF4CEE /* Onboarding */ = {
			isa = PBXGroup;
			children = (
				945C56B629E1E8D600AF4CEE /* OnboardingViewController.swift */,
				94E78FB029E7033F0083893C /* OnboardingCollectionViewCell.swift */,
			);
			path = Onboarding;
			sourceTree = "<group>";
		};
		945C56B829E1EDEC00AF4CEE /* Extensions */ = {
			isa = PBXGroup;
			children = (
				945C56B929E1EE2100AF4CEE /* UiViewExtension.swift */,
				94E78FD129EB41480083893C /* UIViewController+Extension.swift */,
			);
			path = Extensions;
			sourceTree = "<group>";
		};
		94E78FAD29E6FC160083893C /* Models */ = {
			isa = PBXGroup;
			children = (
				94E78FAE29E700A30083893C /* OnBoardingSlide.swift */,
				94E78FBC29E8AA0C0083893C /* DishCategory.swift */,
				94E78FC729EA22130083893C /* Dish.swift */,
			);
			path = Models;
			sourceTree = "<group>";
		};
		94E78FB229E89C590083893C /* Home */ = {
			isa = PBXGroup;
			children = (
				94E78FB329E89C860083893C /* HomeViewController.swift */,
			);
			path = Home;
			sourceTree = "<group>";
		};
		94E78FB529E8A2A00083893C /* CustomViews */ = {
			isa = PBXGroup;
			children = (
				94E78FBE29EA123D0083893C /* CardView */,
				94E78FB629E8A2B70083893C /* CollectionViewCells */,
			);
			path = CustomViews;
			sourceTree = "<group>";
		};
		94E78FB629E8A2B70083893C /* CollectionViewCells */ = {
			isa = PBXGroup;
			children = (
				94E78FC929EB26DE0083893C /* DishlandscapeCollectionViewCell */,
				94E78FC229EA1DE60083893C /* specialDishCategory */,
				94E78FB729E8A2D70083893C /* CategoryCollectionViewCell */,
			);
			path = CollectionViewCells;
			sourceTree = "<group>";
		};
		94E78FB729E8A2D70083893C /* CategoryCollectionViewCell */ = {
			isa = PBXGroup;
			children = (
				94E78FB829E8A3260083893C /* CategoryCollectionViewCell.swift */,
				94E78FB929E8A3260083893C /* CategoryCollectionViewCell.xib */,
			);
			path = CategoryCollectionViewCell;
			sourceTree = "<group>";
		};
		94E78FBE29EA123D0083893C /* CardView */ = {
			isa = PBXGroup;
			children = (
				94E78FBF29EA12710083893C /* CardView.swift */,
			);
			path = CardView;
			sourceTree = "<group>";
		};
		94E78FC229EA1DE60083893C /* specialDishCategory */ = {
			isa = PBXGroup;
			children = (
				94E78FC329EA1E1B0083893C /* DishPortraitCollectionViewCell.swift */,
				94E78FC429EA1E1B0083893C /* DishPortraitCollectionViewCell.xib */,
			);
			path = specialDishCategory;
			sourceTree = "<group>";
		};
		94E78FC929EB26DE0083893C /* DishlandscapeCollectionViewCell */ = {
			isa = PBXGroup;
			children = (
				94E78FCA29EB271D0083893C /* DishLandscapeCollectionViewCell.swift */,
				94E78FCB29EB271D0083893C /* DishLandscapeCollectionViewCell.xib */,
			);
			path = DishlandscapeCollectionViewCell;
			sourceTree = "<group>";
		};
		94E78FCE29EB3C730083893C /* DishDetail */ = {
			isa = PBXGroup;
			children = (
				94E78FCF29EB3C9C0083893C /* DishDetailViewController.swift */,
			);
			path = DishDetail;
			sourceTree = "<group>";
		};
/* End PBXGroup section */

/* Begin PBXNativeTarget section */
		945C569C29E1E50400AF4CEE /* PlateParty */ = {
			isa = PBXNativeTarget;
			buildConfigurationList = 945C56B129E1E50500AF4CEE /* Build configuration list for PBXNativeTarget "PlateParty" */;
			buildPhases = (
				945C569929E1E50400AF4CEE /* Sources */,
				945C569A29E1E50400AF4CEE /* Frameworks */,
				945C569B29E1E50400AF4CEE /* Resources */,
			);
			buildRules = (
			);
			dependencies = (
			);
			name = PlateParty;
			productName = PlateParty;
			productReference = 945C569D29E1E50400AF4CEE /* PlateParty.app */;
			productType = "com.apple.product-type.application";
		};
/* End PBXNativeTarget section */

/* Begin PBXProject section */
		945C569529E1E50400AF4CEE /* Project object */ = {
			isa = PBXProject;
			attributes = {
				BuildIndependentTargetsInParallel = 1;
				LastSwiftUpdateCheck = 1430;
				LastUpgradeCheck = 1430;
				TargetAttributes = {
					945C569C29E1E50400AF4CEE = {
						CreatedOnToolsVersion = 14.3;
					};
				};
			};
			buildConfigurationList = 945C569829E1E50400AF4CEE /* Build configuration list for PBXProject "PlateParty" */;
			compatibilityVersion = "Xcode 14.0";
			developmentRegion = en;
			hasScannedForEncodings = 0;
			knownRegions = (
				en,
				Base,
			);
			mainGroup = 945C569429E1E50400AF4CEE;
			productRefGroup = 945C569E29E1E50400AF4CEE /* Products */;
			projectDirPath = "";
			projectRoot = "";
			targets = (
				945C569C29E1E50400AF4CEE /* PlateParty */,
			);
		};
/* End PBXProject section */

/* Begin PBXResourcesBuildPhase section */
		945C569B29E1E50400AF4CEE /* Resources */ = {
			isa = PBXResourcesBuildPhase;
			buildActionMask = 2147483647;
			files = (
				94E78FBB29E8A3260083893C /* CategoryCollectionViewCell.xib in Resources */,
				945C56AD29E1E50500AF4CEE /* LaunchScreen.storyboard in Resources */,
				94E78FC629EA1E1B0083893C /* DishPortraitCollectionViewCell.xib in Resources */,
				945C56AA29E1E50500AF4CEE /* Assets.xcassets in Resources */,
				94E78FCD29EB271D0083893C /* DishLandscapeCollectionViewCell.xib in Resources */,
				945C56A829E1E50400AF4CEE /* Main.storyboard in Resources */,
			);
			runOnlyForDeploymentPostprocessing = 0;
		};
/* End PBXResourcesBuildPhase section */

/* Begin PBXSourcesBuildPhase section */
		945C569929E1E50400AF4CEE /* Sources */ = {
			isa = PBXSourcesBuildPhase;
			buildActionMask = 2147483647;
			files = (
				94E78FD229EB41490083893C /* UIViewController+Extension.swift in Sources */,
				945C56A529E1E50400AF4CEE /* ViewController.swift in Sources */,
				94E78FBD29E8AA0C0083893C /* DishCategory.swift in Sources */,
				945C56A129E1E50400AF4CEE /* AppDelegate.swift in Sources */,
				945C56A329E1E50400AF4CEE /* SceneDelegate.swift in Sources */,
				94E78FB429E89C860083893C /* HomeViewController.swift in Sources */,
				94E78FBA29E8A3260083893C /* CategoryCollectionViewCell.swift in Sources */,
				94E78FD029EB3C9C0083893C /* DishDetailViewController.swift in Sources */,
				945C56B729E1E8D600AF4CEE /* OnboardingViewController.swift in Sources */,
				94E78FAF29E700A30083893C /* OnBoardingSlide.swift in Sources */,
				94E78FCC29EB271D0083893C /* DishLandscapeCollectionViewCell.swift in Sources */,
				94E78FB129E7033F0083893C /* OnboardingCollectionViewCell.swift in Sources */,
				94E78FC029EA12710083893C /* CardView.swift in Sources */,
				945C56BA29E1EE2100AF4CEE /* UiViewExtension.swift in Sources */,
				94E78FC829EA22130083893C /* Dish.swift in Sources */,
				94E78FC529EA1E1B0083893C /* DishPortraitCollectionViewCell.swift in Sources */,
			);
			runOnlyForDeploymentPostprocessing = 0;
		};
/* End PBXSourcesBuildPhase section */

/* Begin PBXVariantGroup section */
		945C56A629E1E50400AF4CEE /* Main.storyboard */ = {
			isa = PBXVariantGroup;
			children = (
				945C56A729E1E50400AF4CEE /* Base */,
			);
			name = Main.storyboard;
			sourceTree = "<group>";
		};
		945C56AB29E1E50500AF4CEE /* LaunchScreen.storyboard */ = {
			isa = PBXVariantGroup;
			children = (
				945C56AC29E1E50500AF4CEE /* Base */,
			);
			name = LaunchScreen.storyboard;
			sourceTree = "<group>";
		};
/* End PBXVariantGroup section */

/* Begin XCBuildConfiguration section */
		945C56AF29E1E50500AF4CEE /* Debug */ = {
			isa = XCBuildConfiguration;
			buildSettings = {
				ALWAYS_SEARCH_USER_PATHS = NO;
				CLANG_ANALYZER_NONNULL = YES;
				CLANG_ANALYZER_NUMBER_OBJECT_CONVERSION = YES_AGGRESSIVE;
				CLANG_CXX_LANGUAGE_STANDARD = "gnu++20";
				CLANG_ENABLE_MODULES = YES;
				CLANG_ENABLE_OBJC_ARC = YES;
				CLANG_ENABLE_OBJC_WEAK = YES;
				CLANG_WARN_BLOCK_CAPTURE_AUTORELEASING = YES;
				CLANG_WARN_BOOL_CONVERSION = YES;
				CLANG_WARN_COMMA = YES;
				CLANG_WARN_CONSTANT_CONVERSION = YES;
				CLANG_WARN_DEPRECATED_OBJC_IMPLEMENTATIONS = YES;
				CLANG_WARN_DIRECT_OBJC_ISA_USAGE = YES_ERROR;
				CLANG_WARN_DOCUMENTATION_COMMENTS = YES;
				CLANG_WARN_EMPTY_BODY = YES;
				CLANG_WARN_ENUM_CONVERSION = YES;
				CLANG_WARN_INFINITE_RECURSION = YES;
				CLANG_WARN_INT_CONVERSION = YES;
				CLANG_WARN_NON_LITERAL_NULL_CONVERSION = YES;
				CLANG_WARN_OBJC_IMPLICIT_RETAIN_SELF = YES;
				CLANG_WARN_OBJC_LITERAL_CONVERSION = YES;
				CLANG_WARN_OBJC_ROOT_CLASS = YES_ERROR;
				CLANG_WARN_QUOTED_INCLUDE_IN_FRAMEWORK_HEADER = YES;
				CLANG_WARN_RANGE_LOOP_ANALYSIS = YES;
				CLANG_WARN_STRICT_PROTOTYPES = YES;
				CLANG_WARN_SUSPICIOUS_MOVE = YES;
				CLANG_WARN_UNGUARDED_AVAILABILITY = YES_AGGRESSIVE;
				CLANG_WARN_UNREACHABLE_CODE = YES;
				CLANG_WARN__DUPLICATE_METHOD_MATCH = YES;
				COPY_PHASE_STRIP = NO;
				DEBUG_INFORMATION_FORMAT = dwarf;
				ENABLE_STRICT_OBJC_MSGSEND = YES;
				ENABLE_TESTABILITY = YES;
				GCC_C_LANGUAGE_STANDARD = gnu11;
				GCC_DYNAMIC_NO_PIC = NO;
				GCC_NO_COMMON_BLOCKS = YES;
				GCC_OPTIMIZATION_LEVEL = 0;
				GCC_PREPROCESSOR_DEFINITIONS = (
					"DEBUG=1",
					"$(inherited)",
				);
				GCC_WARN_64_TO_32_BIT_CONVERSION = YES;
				GCC_WARN_ABOUT_RETURN_TYPE = YES_ERROR;
				GCC_WARN_UNDECLARED_SELECTOR = YES;
				GCC_WARN_UNINITIALIZED_AUTOS = YES_AGGRESSIVE;
				GCC_WARN_UNUSED_FUNCTION = YES;
				GCC_WARN_UNUSED_VARIABLE = YES;
				IPHONEOS_DEPLOYMENT_TARGET = 16.4;
				MTL_ENABLE_DEBUG_INFO = INCLUDE_SOURCE;
				MTL_FAST_MATH = YES;
				ONLY_ACTIVE_ARCH = YES;
				SDKROOT = iphoneos;
				SWIFT_ACTIVE_COMPILATION_CONDITIONS = DEBUG;
				SWIFT_OPTIMIZATION_LEVEL = "-Onone";
			};
			name = Debug;
		};
		945C56B029E1E50500AF4CEE /* Release */ = {
			isa = XCBuildConfiguration;
			buildSettings = {
				ALWAYS_SEARCH_USER_PATHS = NO;
				CLANG_ANALYZER_NONNULL = YES;
				CLANG_ANALYZER_NUMBER_OBJECT_CONVERSION = YES_AGGRESSIVE;
				CLANG_CXX_LANGUAGE_STANDARD = "gnu++20";
				CLANG_ENABLE_MODULES = YES;
				CLANG_ENABLE_OBJC_ARC = YES;
				CLANG_ENABLE_OBJC_WEAK = YES;
				CLANG_WARN_BLOCK_CAPTURE_AUTORELEASING = YES;
				CLANG_WARN_BOOL_CONVERSION = YES;
				CLANG_WARN_COMMA = YES;
				CLANG_WARN_CONSTANT_CONVERSION = YES;
				CLANG_WARN_DEPRECATED_OBJC_IMPLEMENTATIONS = YES;
				CLANG_WARN_DIRECT_OBJC_ISA_USAGE = YES_ERROR;
				CLANG_WARN_DOCUMENTATION_COMMENTS = YES;
				CLANG_WARN_EMPTY_BODY = YES;
				CLANG_WARN_ENUM_CONVERSION = YES;
				CLANG_WARN_INFINITE_RECURSION = YES;
				CLANG_WARN_INT_CONVERSION = YES;
				CLANG_WARN_NON_LITERAL_NULL_CONVERSION = YES;
				CLANG_WARN_OBJC_IMPLICIT_RETAIN_SELF = YES;
				CLANG_WARN_OBJC_LITERAL_CONVERSION = YES;
				CLANG_WARN_OBJC_ROOT_CLASS = YES_ERROR;
				CLANG_WARN_QUOTED_INCLUDE_IN_FRAMEWORK_HEADER = YES;
				CLANG_WARN_RANGE_LOOP_ANALYSIS = YES;
				CLANG_WARN_STRICT_PROTOTYPES = YES;
				CLANG_WARN_SUSPICIOUS_MOVE = YES;
				CLANG_WARN_UNGUARDED_AVAILABILITY = YES_AGGRESSIVE;
				CLANG_WARN_UNREACHABLE_CODE = YES;
				CLANG_WARN__DUPLICATE_METHOD_MATCH = YES;
				COPY_PHASE_STRIP = NO;
				DEBUG_INFORMATION_FORMAT = "dwarf-with-dsym";
				ENABLE_NS_ASSERTIONS = NO;
				ENABLE_STRICT_OBJC_MSGSEND = YES;
				GCC_C_LANGUAGE_STANDARD = gnu11;
				GCC_NO_COMMON_BLOCKS = YES;
				GCC_WARN_64_TO_32_BIT_CONVERSION = YES;
				GCC_WARN_ABOUT_RETURN_TYPE = YES_ERROR;
				GCC_WARN_UNDECLARED_SELECTOR = YES;
				GCC_WARN_UNINITIALIZED_AUTOS = YES_AGGRESSIVE;
				GCC_WARN_UNUSED_FUNCTION = YES;
				GCC_WARN_UNUSED_VARIABLE = YES;
				IPHONEOS_DEPLOYMENT_TARGET = 16.4;
				MTL_ENABLE_DEBUG_INFO = NO;
				MTL_FAST_MATH = YES;
				SDKROOT = iphoneos;
				SWIFT_COMPILATION_MODE = wholemodule;
				SWIFT_OPTIMIZATION_LEVEL = "-O";
				VALIDATE_PRODUCT = YES;
			};
			name = Release;
		};
		945C56B229E1E50500AF4CEE /* Debug */ = {
			isa = XCBuildConfiguration;
			buildSettings = {
				ASSETCATALOG_COMPILER_APPICON_NAME = AppIcon;
				ASSETCATALOG_COMPILER_GLOBAL_ACCENT_COLOR_NAME = AccentColor;
				CODE_SIGN_STYLE = Automatic;
				CURRENT_PROJECT_VERSION = 1;
				GENERATE_INFOPLIST_FILE = YES;
				INFOPLIST_FILE = PlateParty/Info.plist;
				INFOPLIST_KEY_UIApplicationSupportsIndirectInputEvents = YES;
				INFOPLIST_KEY_UILaunchStoryboardName = LaunchScreen;
				INFOPLIST_KEY_UIMainStoryboardFile = Main;
				INFOPLIST_KEY_UISupportedInterfaceOrientations_iPad = "UIInterfaceOrientationPortrait UIInterfaceOrientationPortraitUpsideDown UIInterfaceOrientationLandscapeLeft UIInterfaceOrientationLandscapeRight";
				INFOPLIST_KEY_UISupportedInterfaceOrientations_iPhone = "UIInterfaceOrientationPortrait UIInterfaceOrientationLandscapeLeft UIInterfaceOrientationLandscapeRight";
				LD_RUNPATH_SEARCH_PATHS = (
					"$(inherited)",
					"@executable_path/Frameworks",
				);
				MARKETING_VERSION = 1.0;
				PRODUCT_BUNDLE_IDENTIFIER = deekshith.PlateParty;
				PRODUCT_NAME = "$(TARGET_NAME)";
				SWIFT_EMIT_LOC_STRINGS = YES;
				SWIFT_VERSION = 5.0;
				TARGETED_DEVICE_FAMILY = "1,2";
			};
			name = Debug;
		};
		945C56B329E1E50500AF4CEE /* Release */ = {
			isa = XCBuildConfiguration;
			buildSettings = {
				ASSETCATALOG_COMPILER_APPICON_NAME = AppIcon;
				ASSETCATALOG_COMPILER_GLOBAL_ACCENT_COLOR_NAME = AccentColor;
				CODE_SIGN_STYLE = Automatic;
				CURRENT_PROJECT_VERSION = 1;
				GENERATE_INFOPLIST_FILE = YES;
				INFOPLIST_FILE = PlateParty/Info.plist;
				INFOPLIST_KEY_UIApplicationSupportsIndirectInputEvents = YES;
				INFOPLIST_KEY_UILaunchStoryboardName = LaunchScreen;
				INFOPLIST_KEY_UIMainStoryboardFile = Main;
				INFOPLIST_KEY_UISupportedInterfaceOrientations_iPad = "UIInterfaceOrientationPortrait UIInterfaceOrientationPortraitUpsideDown UIInterfaceOrientationLandscapeLeft UIInterfaceOrientationLandscapeRight";
				INFOPLIST_KEY_UISupportedInterfaceOrientations_iPhone = "UIInterfaceOrientationPortrait UIInterfaceOrientationLandscapeLeft UIInterfaceOrientationLandscapeRight";
				LD_RUNPATH_SEARCH_PATHS = (
					"$(inherited)",
					"@executable_path/Frameworks",
				);
				MARKETING_VERSION = 1.0;
				PRODUCT_BUNDLE_IDENTIFIER = deekshith.PlateParty;
				PRODUCT_NAME = "$(TARGET_NAME)";
				SWIFT_EMIT_LOC_STRINGS = YES;
				SWIFT_VERSION = 5.0;
				TARGETED_DEVICE_FAMILY = "1,2";
			};
			name = Release;
		};
/* End XCBuildConfiguration section */

/* Begin XCConfigurationList section */
		945C569829E1E50400AF4CEE /* Build configuration list for PBXProject "PlateParty" */ = {
			isa = XCConfigurationList;
			buildConfigurations = (
				945C56AF29E1E50500AF4CEE /* Debug */,
				945C56B029E1E50500AF4CEE /* Release */,
			);
			defaultConfigurationIsVisible = 0;
			defaultConfigurationName = Release;
		};
		945C56B129E1E50500AF4CEE /* Build configuration list for PBXNativeTarget "PlateParty" */ = {
			isa = XCConfigurationList;
			buildConfigurations = (
				945C56B229E1E50500AF4CEE /* Debug */,
				945C56B329E1E50500AF4CEE /* Release */,
			);
			defaultConfigurationIsVisible = 0;
			defaultConfigurationName = Release;
		};
/* End XCConfigurationList section */
	};
	rootObject = 945C569529E1E50400AF4CEE /* Project object */;
}
